dependencies:
- name: common
  repository: https://shini4i.github.io/charts
  version: 0.0.1
- name: network-policies
  repository: https://shini4i.github.io/charts/
  version: 0.0.4
digest: sha256:d7a519733123506d4815f701e8c350343520fa493bd510f92de84e7d6926cc4a
generated: "2024-01-29T22:31:18.244533+02:00"
