dependencies:
- name: common
  repository: https://shini4i.github.io/charts
  version: 0.0.3
- name: network-policies
  repository: https://shini4i.github.io/charts/
  version: 0.0.6
digest: sha256:65c8b10739c9d95759581ec5468280c66f81300481317f2ee3108bcd229d5903
generated: "2024-08-22T17:59:50.457772+03:00"
